
Microsoft Visual Studio Solution File, Format Version 12.00
# Visual Studio Version 16
VisualStudioVersion = 16.0.29424.173
MinimumVisualStudioVersion = 10.0.40219.1
Project("{9A19103F-16F7-4668-BE54-9A1E7A4F7556}") = "QuizNet", "QuizNet\QuizNet.csproj", "{4A364F6B-DB12-41B9-8697-A3BB0FA501E5}"
EndProject
Project("{9A19103F-16F7-4668-BE54-9A1E7A4F7556}") = "QuizNet.DataAccess", "QuizNet.DataAccess\QuizNet.DataAccess.csproj", "{FE35EBC3-D0E8-4368-B47B-D7F179D11C0D}"
EndProject
Global
	GlobalSection(SolutionConfigurationPlatforms) = preSolution
		Debug|Any CPU = Debug|Any CPU
		Release|Any CPU = Release|Any CPU
	EndGlobalSection
	GlobalSection(ProjectConfigurationPlatforms) = postSolution
		{4A364F6B-DB12-41B9-8697-A3BB0FA501E5}.Debug|Any CPU.ActiveCfg = Debug|Any CPU
		{4A364F6B-DB12-41B9-8697-A3BB0FA501E5}.Debug|Any CPU.Build.0 = Debug|Any CPU
		{4A364F6B-DB12-41B9-8697-A3BB0FA501E5}.Release|Any CPU.ActiveCfg = Release|Any CPU
		{4A364F6B-DB12-41B9-8697-A3BB0FA501E5}.Release|Any CPU.Build.0 = Release|Any CPU
		{FE35EBC3-D0E8-4368-B47B-D7F179D11C0D}.Debug|Any CPU.ActiveCfg = Debug|Any CPU
		{FE35EBC3-D0E8-4368-B47B-D7F179D11C0D}.Debug|Any CPU.Build.0 = Debug|Any CPU
		{FE35EBC3-D0E8-4368-B47B-D7F179D11C0D}.Release|Any CPU.ActiveCfg = Release|Any CPU
		{FE35EBC3-D0E8-4368-B47B-D7F179D11C0D}.Release|Any CPU.Build.0 = Release|Any CPU
	EndGlobalSection
	GlobalSection(SolutionProperties) = preSolution
		HideSolutionNode = FALSE
	EndGlobalSection
	GlobalSection(ExtensibilityGlobals) = postSolution
		SolutionGuid = {E03ACB4E-4561-4C96-A1BF-989B3C53FC04}
	EndGlobalSection
EndGlobal
